
Microsoft Visual Studio Solution File, Format Version 12.00
# Visual Studio Version 17
VisualStudioVersion = 17.0.31903.59
MinimumVisualStudioVersion = 10.0.40219.1
Project("{FAE04EC0-301F-11D3-BF4B-00C04F79EFBC}") = "JAQOps.API", "JAQOps.API\JAQOps.API.csproj", "{212C3283-6A71-400E-9A71-CE68EAFBED29}"
EndProject
Project("{FAE04EC0-301F-11D3-BF4B-00C04F79EFBC}") = "JAQOps.Business", "JAQOps.Business\JAQOps.Business.csproj", "{89CE517A-FFC6-4B0F-A595-907F85E1010A}"
EndProject
Project("{FAE04EC0-301F-11D3-BF4B-00C04F79EFBC}") = "JAQOps.Data", "JAQOps.Data\JAQOps.Data.csproj", "{02C31AF0-55CB-4981-A7A6-56E105BE7775}"
EndProject
Global
	GlobalSection(SolutionConfigurationPlatforms) = preSolution
		Debug|Any CPU = Debug|Any CPU
		Release|Any CPU = Release|Any CPU
	EndGlobalSection
	GlobalSection(SolutionProperties) = preSolution
		HideSolutionNode = FALSE
	EndGlobalSection
	GlobalSection(ProjectConfigurationPlatforms) = postSolution
		{212C3283-6A71-400E-9A71-CE68EAFBED29}.Debug|Any CPU.ActiveCfg = Debug|Any CPU
		{212C3283-6A71-400E-9A71-CE68EAFBED29}.Debug|Any CPU.Build.0 = Debug|Any CPU
		{212C3283-6A71-400E-9A71-CE68EAFBED29}.Release|Any CPU.ActiveCfg = Release|Any CPU
		{212C3283-6A71-400E-9A71-CE68EAFBED29}.Release|Any CPU.Build.0 = Release|Any CPU
		{89CE517A-FFC6-4B0F-A595-907F85E1010A}.Debug|Any CPU.ActiveCfg = Debug|Any CPU
		{89CE517A-FFC6-4B0F-A595-907F85E1010A}.Debug|Any CPU.Build.0 = Debug|Any CPU
		{89CE517A-FFC6-4B0F-A595-907F85E1010A}.Release|Any CPU.ActiveCfg = Release|Any CPU
		{89CE517A-FFC6-4B0F-A595-907F85E1010A}.Release|Any CPU.Build.0 = Release|Any CPU
		{02C31AF0-55CB-4981-A7A6-56E105BE7775}.Debug|Any CPU.ActiveCfg = Debug|Any CPU
		{02C31AF0-55CB-4981-A7A6-56E105BE7775}.Debug|Any CPU.Build.0 = Debug|Any CPU
		{02C31AF0-55CB-4981-A7A6-56E105BE7775}.Release|Any CPU.ActiveCfg = Release|Any CPU
		{02C31AF0-55CB-4981-A7A6-56E105BE7775}.Release|Any CPU.Build.0 = Release|Any CPU
	EndGlobalSection
EndGlobal
